// !$*UTF8*$!
{
	archiveVersion = 1;
	classes = {
	};
	objectVersion = 55;
	objects = {

/* Begin PBXBuildFile section */
		B3D84A4028779DA7007302A9 /* AppDelegate.swift in Sources */ = {isa = PBXBuildFile; fileRef = B3D84A3F28779DA7007302A9 /* AppDelegate.swift */; };
		B3D84A4228779DA7007302A9 /* SceneDelegate.swift in Sources */ = {isa = PBXBuildFile; fileRef = B3D84A4128779DA7007302A9 /* SceneDelegate.swift */; };
		B3D84A4428779DA7007302A9 /* ViewController.swift in Sources */ = {isa = PBXBuildFile; fileRef = B3D84A4328779DA7007302A9 /* ViewController.swift */; };
		B3D84A4728779DA7007302A9 /* Main.storyboard in Resources */ = {isa = PBXBuildFile; fileRef = B3D84A4528779DA7007302A9 /* Main.storyboard */; };
		B3D84A4928779DA9007302A9 /* Assets.xcassets in Resources */ = {isa = PBXBuildFile; fileRef = B3D84A4828779DA9007302A9 /* Assets.xcassets */; };
		B3D84A4C28779DA9007302A9 /* LaunchScreen.storyboard in Resources */ = {isa = PBXBuildFile; fileRef = B3D84A4A28779DA9007302A9 /* LaunchScreen.storyboard */; };
		B3D84A5728779DA9007302A9 /* taxio_driverTests.swift in Sources */ = {isa = PBXBuildFile; fileRef = B3D84A5628779DA9007302A9 /* taxio_driverTests.swift */; };
		B3D84A6128779DA9007302A9 /* taxio_driverUITests.swift in Sources */ = {isa = PBXBuildFile; fileRef = B3D84A6028779DA9007302A9 /* taxio_driverUITests.swift */; };
		B3D84A6328779DA9007302A9 /* taxio_driverUITestsLaunchTests.swift in Sources */ = {isa = PBXBuildFile; fileRef = B3D84A6228779DA9007302A9 /* taxio_driverUITestsLaunchTests.swift */; };
/* End PBXBuildFile section */

/* Begin PBXContainerItemProxy section */
		B3D84A5328779DA9007302A9 /* PBXContainerItemProxy */ = {
			isa = PBXContainerItemProxy;
			containerPortal = B3D84A3428779DA7007302A9 /* Project object */;
			proxyType = 1;
			remoteGlobalIDString = B3D84A3B28779DA7007302A9;
			remoteInfo = taxio_driver;
		};
		B3D84A5D28779DA9007302A9 /* PBXContainerItemProxy */ = {
			isa = PBXContainerItemProxy;
			containerPortal = B3D84A3428779DA7007302A9 /* Project object */;
			proxyType = 1;
			remoteGlobalIDString = B3D84A3B28779DA7007302A9;
			remoteInfo = taxio_driver;
		};
/* End PBXContainerItemProxy section */

/* Begin PBXFileReference section */
		B3D84A3C28779DA7007302A9 /* taxio_driver.app */ = {isa = PBXFileReference; explicitFileType = wrapper.application; includeInIndex = 0; path = taxio_driver.app; sourceTree = BUILT_PRODUCTS_DIR; };
		B3D84A3F28779DA7007302A9 /* AppDelegate.swift */ = {isa = PBXFileReference; lastKnownFileType = sourcecode.swift; path = AppDelegate.swift; sourceTree = "<group>"; };
		B3D84A4128779DA7007302A9 /* SceneDelegate.swift */ = {isa = PBXFileReference; lastKnownFileType = sourcecode.swift; path = SceneDelegate.swift; sourceTree = "<group>"; };
		B3D84A4328779DA7007302A9 /* ViewController.swift */ = {isa = PBXFileReference; lastKnownFileType = sourcecode.swift; path = ViewController.swift; sourceTree = "<group>"; };
		B3D84A4628779DA7007302A9 /* Base */ = {isa = PBXFileReference; lastKnownFileType = file.storyboard; name = Base; path = Base.lproj/Main.storyboard; sourceTree = "<group>"; };
		B3D84A4828779DA9007302A9 /* Assets.xcassets */ = {isa = PBXFileReference; lastKnownFileType = folder.assetcatalog; path = Assets.xcassets; sourceTree = "<group>"; };
		B3D84A4B28779DA9007302A9 /* Base */ = {isa = PBXFileReference; lastKnownFileType = file.storyboard; name = Base; path = Base.lproj/LaunchScreen.storyboard; sourceTree = "<group>"; };
		B3D84A4D28779DA9007302A9 /* Info.plist */ = {isa = PBXFileReference; lastKnownFileType = text.plist.xml; path = Info.plist; sourceTree = "<group>"; };
		B3D84A5228779DA9007302A9 /* taxio_driverTests.xctest */ = {isa = PBXFileReference; explicitFileType = wrapper.cfbundle; includeInIndex = 0; path = taxio_driverTests.xctest; sourceTree = BUILT_PRODUCTS_DIR; };
		B3D84A5628779DA9007302A9 /* taxio_driverTests.swift */ = {isa = PBXFileReference; lastKnownFileType = sourcecode.swift; path = taxio_driverTests.swift; sourceTree = "<group>"; };
		B3D84A5C28779DA9007302A9 /* taxio_driverUITests.xctest */ = {isa = PBXFileReference; explicitFileType = wrapper.cfbundle; includeInIndex = 0; path = taxio_driverUITests.xctest; sourceTree = BUILT_PRODUCTS_DIR; };
		B3D84A6028779DA9007302A9 /* taxio_driverUITests.swift */ = {isa = PBXFileReference; lastKnownFileType = sourcecode.swift; path = taxio_driverUITests.swift; sourceTree = "<group>"; };
		B3D84A6228779DA9007302A9 /* taxio_driverUITestsLaunchTests.swift */ = {isa = PBXFileReference; lastKnownFileType = sourcecode.swift; path = taxio_driverUITestsLaunchTests.swift; sourceTree = "<group>"; };
/* End PBXFileReference section */

/* Begin PBXFrameworksBuildPhase section */
		B3D84A3928779DA7007302A9 /* Frameworks */ = {
			isa = PBXFrameworksBuildPhase;
			buildActionMask = 2147483647;
			files = (
			);
			runOnlyForDeploymentPostprocessing = 0;
		};
		B3D84A4F28779DA9007302A9 /* Frameworks */ = {
			isa = PBXFrameworksBuildPhase;
			buildActionMask = 2147483647;
			files = (
			);
			runOnlyForDeploymentPostprocessing = 0;
		};
		B3D84A5928779DA9007302A9 /* Frameworks */ = {
			isa = PBXFrameworksBuildPhase;
			buildActionMask = 2147483647;
			files = (
			);
			runOnlyForDeploymentPostprocessing = 0;
		};
/* End PBXFrameworksBuildPhase section */

/* Begin PBXGroup section */
		B3D84A3328779DA7007302A9 = {
			isa = PBXGroup;
			children = (
				B3D84A3E28779DA7007302A9 /* taxio_driver */,
				B3D84A5528779DA9007302A9 /* taxio_driverTests */,
				B3D84A5F28779DA9007302A9 /* taxio_driverUITests */,
				B3D84A3D28779DA7007302A9 /* Products */,
			);
			sourceTree = "<group>";
		};
		B3D84A3D28779DA7007302A9 /* Products */ = {
			isa = PBXGroup;
			children = (
				B3D84A3C28779DA7007302A9 /* taxio_driver.app */,
				B3D84A5228779DA9007302A9 /* taxio_driverTests.xctest */,
				B3D84A5C28779DA9007302A9 /* taxio_driverUITests.xctest */,
			);
			name = Products;
			sourceTree = "<group>";
		};
		B3D84A3E28779DA7007302A9 /* taxio_driver */ = {
			isa = PBXGroup;
			children = (
				B3D84A3F28779DA7007302A9 /* AppDelegate.swift */,
				B3D84A4128779DA7007302A9 /* SceneDelegate.swift */,
				B3D84A4328779DA7007302A9 /* ViewController.swift */,
				B3D84A4528779DA7007302A9 /* Main.storyboard */,
				B3D84A4828779DA9007302A9 /* Assets.xcassets */,
				B3D84A4A28779DA9007302A9 /* LaunchScreen.storyboard */,
				B3D84A4D28779DA9007302A9 /* Info.plist */,
			);
			path = taxio_driver;
			sourceTree = "<group>";
		};
		B3D84A5528779DA9007302A9 /* taxio_driverTests */ = {
			isa = PBXGroup;
			children = (
				B3D84A5628779DA9007302A9 /* taxio_driverTests.swift */,
			);
			path = taxio_driverTests;
			sourceTree = "<group>";
		};
		B3D84A5F28779DA9007302A9 /* taxio_driverUITests */ = {
			isa = PBXGroup;
			children = (
				B3D84A6028779DA9007302A9 /* taxio_driverUITests.swift */,
				B3D84A6228779DA9007302A9 /* taxio_driverUITestsLaunchTests.swift */,
			);
			path = taxio_driverUITests;
			sourceTree = "<group>";
		};
/* End PBXGroup section */

/* Begin PBXNativeTarget section */
		B3D84A3B28779DA7007302A9 /* taxio_driver */ = {
			isa = PBXNativeTarget;
			buildConfigurationList = B3D84A6628779DA9007302A9 /* Build configuration list for PBXNativeTarget "taxio_driver" */;
			buildPhases = (
				B3D84A3828779DA7007302A9 /* Sources */,
				B3D84A3928779DA7007302A9 /* Frameworks */,
				B3D84A3A28779DA7007302A9 /* Resources */,
			);
			buildRules = (
			);
			dependencies = (
			);
			name = taxio_driver;
			productName = taxio_driver;
			productReference = B3D84A3C28779DA7007302A9 /* taxio_driver.app */;
			productType = "com.apple.product-type.application";
		};
		B3D84A5128779DA9007302A9 /* taxio_driverTests */ = {
			isa = PBXNativeTarget;
			buildConfigurationList = B3D84A6928779DA9007302A9 /* Build configuration list for PBXNativeTarget "taxio_driverTests" */;
			buildPhases = (
				B3D84A4E28779DA9007302A9 /* Sources */,
				B3D84A4F28779DA9007302A9 /* Frameworks */,
				B3D84A5028779DA9007302A9 /* Resources */,
			);
			buildRules = (
			);
			dependencies = (
				B3D84A5428779DA9007302A9 /* PBXTargetDependency */,
			);
			name = taxio_driverTests;
			productName = taxio_driverTests;
			productReference = B3D84A5228779DA9007302A9 /* taxio_driverTests.xctest */;
			productType = "com.apple.product-type.bundle.unit-test";
		};
		B3D84A5B28779DA9007302A9 /* taxio_driverUITests */ = {
			isa = PBXNativeTarget;
			buildConfigurationList = B3D84A6C28779DA9007302A9 /* Build configuration list for PBXNativeTarget "taxio_driverUITests" */;
			buildPhases = (
				B3D84A5828779DA9007302A9 /* Sources */,
				B3D84A5928779DA9007302A9 /* Frameworks */,
				B3D84A5A28779DA9007302A9 /* Resources */,
			);
			buildRules = (
			);
			dependencies = (
				B3D84A5E28779DA9007302A9 /* PBXTargetDependency */,
			);
			name = taxio_driverUITests;
			productName = taxio_driverUITests;
			productReference = B3D84A5C28779DA9007302A9 /* taxio_driverUITests.xctest */;
			productType = "com.apple.product-type.bundle.ui-testing";
		};
/* End PBXNativeTarget section */

/* Begin PBXProject section */
		B3D84A3428779DA7007302A9 /* Project object */ = {
			isa = PBXProject;
			attributes = {
				BuildIndependentTargetsInParallel = 1;
				LastSwiftUpdateCheck = 1340;
				LastUpgradeCheck = 1340;
				TargetAttributes = {
					B3D84A3B28779DA7007302A9 = {
						CreatedOnToolsVersion = 13.4.1;
					};
					B3D84A5128779DA9007302A9 = {
						CreatedOnToolsVersion = 13.4.1;
						TestTargetID = B3D84A3B28779DA7007302A9;
					};
					B3D84A5B28779DA9007302A9 = {
						CreatedOnToolsVersion = 13.4.1;
						TestTargetID = B3D84A3B28779DA7007302A9;
					};
				};
			};
			buildConfigurationList = B3D84A3728779DA7007302A9 /* Build configuration list for PBXProject "taxio_driver" */;
			compatibilityVersion = "Xcode 13.0";
			developmentRegion = en;
			hasScannedForEncodings = 0;
			knownRegions = (
				en,
				Base,
			);
			mainGroup = B3D84A3328779DA7007302A9;
			productRefGroup = B3D84A3D28779DA7007302A9 /* Products */;
			projectDirPath = "";
			projectRoot = "";
			targets = (
				B3D84A3B28779DA7007302A9 /* taxio_driver */,
				B3D84A5128779DA9007302A9 /* taxio_driverTests */,
				B3D84A5B28779DA9007302A9 /* taxio_driverUITests */,
			);
		};
/* End PBXProject section */

/* Begin PBXResourcesBuildPhase section */
		B3D84A3A28779DA7007302A9 /* Resources */ = {
			isa = PBXResourcesBuildPhase;
			buildActionMask = 2147483647;
			files = (
				B3D84A4C28779DA9007302A9 /* LaunchScreen.storyboard in Resources */,
				B3D84A4928779DA9007302A9 /* Assets.xcassets in Resources */,
				B3D84A4728779DA7007302A9 /* Main.storyboard in Resources */,
			);
			runOnlyForDeploymentPostprocessing = 0;
		};
		B3D84A5028779DA9007302A9 /* Resources */ = {
			isa = PBXResourcesBuildPhase;
			buildActionMask = 2147483647;
			files = (
			);
			runOnlyForDeploymentPostprocessing = 0;
		};
		B3D84A5A28779DA9007302A9 /* Resources */ = {
			isa = PBXResourcesBuildPhase;
			buildActionMask = 2147483647;
			files = (
			);
			runOnlyForDeploymentPostprocessing = 0;
		};
/* End PBXResourcesBuildPhase section */

/* Begin PBXSourcesBuildPhase section */
		B3D84A3828779DA7007302A9 /* Sources */ = {
			isa = PBXSourcesBuildPhase;
			buildActionMask = 2147483647;
			files = (
				B3D84A4428779DA7007302A9 /* ViewController.swift in Sources */,
				B3D84A4028779DA7007302A9 /* AppDelegate.swift in Sources */,
				B3D84A4228779DA7007302A9 /* SceneDelegate.swift in Sources */,
			);
			runOnlyForDeploymentPostprocessing = 0;
		};
		B3D84A4E28779DA9007302A9 /* Sources */ = {
			isa = PBXSourcesBuildPhase;
			buildActionMask = 2147483647;
			files = (
				B3D84A5728779DA9007302A9 /* taxio_driverTests.swift in Sources */,
			);
			runOnlyForDeploymentPostprocessing = 0;
		};
		B3D84A5828779DA9007302A9 /* Sources */ = {
			isa = PBXSourcesBuildPhase;
			buildActionMask = 2147483647;
			files = (
				B3D84A6328779DA9007302A9 /* taxio_driverUITestsLaunchTests.swift in Sources */,
				B3D84A6128779DA9007302A9 /* taxio_driverUITests.swift in Sources */,
			);
			runOnlyForDeploymentPostprocessing = 0;
		};
/* End PBXSourcesBuildPhase section */

/* Begin PBXTargetDependency section */
		B3D84A5428779DA9007302A9 /* PBXTargetDependency */ = {
			isa = PBXTargetDependency;
			target = B3D84A3B28779DA7007302A9 /* taxio_driver */;
			targetProxy = B3D84A5328779DA9007302A9 /* PBXContainerItemProxy */;
		};
		B3D84A5E28779DA9007302A9 /* PBXTargetDependency */ = {
			isa = PBXTargetDependency;
			target = B3D84A3B28779DA7007302A9 /* taxio_driver */;
			targetProxy = B3D84A5D28779DA9007302A9 /* PBXContainerItemProxy */;
		};
/* End PBXTargetDependency section */

/* Begin PBXVariantGroup section */
		B3D84A4528779DA7007302A9 /* Main.storyboard */ = {
			isa = PBXVariantGroup;
			children = (
				B3D84A4628779DA7007302A9 /* Base */,
			);
			name = Main.storyboard;
			sourceTree = "<group>";
		};
		B3D84A4A28779DA9007302A9 /* LaunchScreen.storyboard */ = {
			isa = PBXVariantGroup;
			children = (
				B3D84A4B28779DA9007302A9 /* Base */,
			);
			name = LaunchScreen.storyboard;
			sourceTree = "<group>";
		};
/* End PBXVariantGroup section */

/* Begin XCBuildConfiguration section */
		B3D84A6428779DA9007302A9 /* Debug */ = {
			isa = XCBuildConfiguration;
			buildSettings = {
				ALWAYS_SEARCH_USER_PATHS = NO;
				CLANG_ANALYZER_NONNULL = YES;
				CLANG_ANALYZER_NUMBER_OBJECT_CONVERSION = YES_AGGRESSIVE;
				CLANG_CXX_LANGUAGE_STANDARD = "gnu++17";
				CLANG_ENABLE_MODULES = YES;
				CLANG_ENABLE_OBJC_ARC = YES;
				CLANG_ENABLE_OBJC_WEAK = YES;
				CLANG_WARN_BLOCK_CAPTURE_AUTORELEASING = YES;
				CLANG_WARN_BOOL_CONVERSION = YES;
				CLANG_WARN_COMMA = YES;
				CLANG_WARN_CONSTANT_CONVERSION = YES;
				CLANG_WARN_DEPRECATED_OBJC_IMPLEMENTATIONS = YES;
				CLANG_WARN_DIRECT_OBJC_ISA_USAGE = YES_ERROR;
				CLANG_WARN_DOCUMENTATION_COMMENTS = YES;
				CLANG_WARN_EMPTY_BODY = YES;
				CLANG_WARN_ENUM_CONVERSION = YES;
				CLANG_WARN_INFINITE_RECURSION = YES;
				CLANG_WARN_INT_CONVERSION = YES;
				CLANG_WARN_NON_LITERAL_NULL_CONVERSION = YES;
				CLANG_WARN_OBJC_IMPLICIT_RETAIN_SELF = YES;
				CLANG_WARN_OBJC_LITERAL_CONVERSION = YES;
				CLANG_WARN_OBJC_ROOT_CLASS = YES_ERROR;
				CLANG_WARN_QUOTED_INCLUDE_IN_FRAMEWORK_HEADER = YES;
				CLANG_WARN_RANGE_LOOP_ANALYSIS = YES;
				CLANG_WARN_STRICT_PROTOTYPES = YES;
				CLANG_WARN_SUSPICIOUS_MOVE = YES;
				CLANG_WARN_UNGUARDED_AVAILABILITY = YES_AGGRESSIVE;
				CLANG_WARN_UNREACHABLE_CODE = YES;
				CLANG_WARN__DUPLICATE_METHOD_MATCH = YES;
				COPY_PHASE_STRIP = NO;
				DEBUG_INFORMATION_FORMAT = dwarf;
				ENABLE_STRICT_OBJC_MSGSEND = YES;
				ENABLE_TESTABILITY = YES;
				GCC_C_LANGUAGE_STANDARD = gnu11;
				GCC_DYNAMIC_NO_PIC = NO;
				GCC_NO_COMMON_BLOCKS = YES;
				GCC_OPTIMIZATION_LEVEL = 0;
				GCC_PREPROCESSOR_DEFINITIONS = (
					"DEBUG=1",
					"$(inherited)",
				);
				GCC_WARN_64_TO_32_BIT_CONVERSION = YES;
				GCC_WARN_ABOUT_RETURN_TYPE = YES_ERROR;
				GCC_WARN_UNDECLARED_SELECTOR = YES;
				GCC_WARN_UNINITIALIZED_AUTOS = YES_AGGRESSIVE;
				GCC_WARN_UNUSED_FUNCTION = YES;
				GCC_WARN_UNUSED_VARIABLE = YES;
				IPHONEOS_DEPLOYMENT_TARGET = 15.5;
				MTL_ENABLE_DEBUG_INFO = INCLUDE_SOURCE;
				MTL_FAST_MATH = YES;
				ONLY_ACTIVE_ARCH = YES;
				SDKROOT = iphoneos;
				SWIFT_ACTIVE_COMPILATION_CONDITIONS = DEBUG;
				SWIFT_OPTIMIZATION_LEVEL = "-Onone";
			};
			name = Debug;
		};
		B3D84A6528779DA9007302A9 /* Release */ = {
			isa = XCBuildConfiguration;
			buildSettings = {
				ALWAYS_SEARCH_USER_PATHS = NO;
				CLANG_ANALYZER_NONNULL = YES;
				CLANG_ANALYZER_NUMBER_OBJECT_CONVERSION = YES_AGGRESSIVE;
				CLANG_CXX_LANGUAGE_STANDARD = "gnu++17";
				CLANG_ENABLE_MODULES = YES;
				CLANG_ENABLE_OBJC_ARC = YES;
				CLANG_ENABLE_OBJC_WEAK = YES;
				CLANG_WARN_BLOCK_CAPTURE_AUTORELEASING = YES;
				CLANG_WARN_BOOL_CONVERSION = YES;
				CLANG_WARN_COMMA = YES;
				CLANG_WARN_CONSTANT_CONVERSION = YES;
				CLANG_WARN_DEPRECATED_OBJC_IMPLEMENTATIONS = YES;
				CLANG_WARN_DIRECT_OBJC_ISA_USAGE = YES_ERROR;
				CLANG_WARN_DOCUMENTATION_COMMENTS = YES;
				CLANG_WARN_EMPTY_BODY = YES;
				CLANG_WARN_ENUM_CONVERSION = YES;
				CLANG_WARN_INFINITE_RECURSION = YES;
				CLANG_WARN_INT_CONVERSION = YES;
				CLANG_WARN_NON_LITERAL_NULL_CONVERSION = YES;
				CLANG_WARN_OBJC_IMPLICIT_RETAIN_SELF = YES;
				CLANG_WARN_OBJC_LITERAL_CONVERSION = YES;
				CLANG_WARN_OBJC_ROOT_CLASS = YES_ERROR;
				CLANG_WARN_QUOTED_INCLUDE_IN_FRAMEWORK_HEADER = YES;
				CLANG_WARN_RANGE_LOOP_ANALYSIS = YES;
				CLANG_WARN_STRICT_PROTOTYPES = YES;
				CLANG_WARN_SUSPICIOUS_MOVE = YES;
				CLANG_WARN_UNGUARDED_AVAILABILITY = YES_AGGRESSIVE;
				CLANG_WARN_UNREACHABLE_CODE = YES;
				CLANG_WARN__DUPLICATE_METHOD_MATCH = YES;
				COPY_PHASE_STRIP = NO;
				DEBUG_INFORMATION_FORMAT = "dwarf-with-dsym";
				ENABLE_NS_ASSERTIONS = NO;
				ENABLE_STRICT_OBJC_MSGSEND = YES;
				GCC_C_LANGUAGE_STANDARD = gnu11;
				GCC_NO_COMMON_BLOCKS = YES;
				GCC_WARN_64_TO_32_BIT_CONVERSION = YES;
				GCC_WARN_ABOUT_RETURN_TYPE = YES_ERROR;
				GCC_WARN_UNDECLARED_SELECTOR = YES;
				GCC_WARN_UNINITIALIZED_AUTOS = YES_AGGRESSIVE;
				GCC_WARN_UNUSED_FUNCTION = YES;
				GCC_WARN_UNUSED_VARIABLE = YES;
				IPHONEOS_DEPLOYMENT_TARGET = 15.5;
				MTL_ENABLE_DEBUG_INFO = NO;
				MTL_FAST_MATH = YES;
				SDKROOT = iphoneos;
				SWIFT_COMPILATION_MODE = wholemodule;
				SWIFT_OPTIMIZATION_LEVEL = "-O";
				VALIDATE_PRODUCT = YES;
			};
			name = Release;
		};
		B3D84A6728779DA9007302A9 /* Debug */ = {
			isa = XCBuildConfiguration;
			buildSettings = {
				ASSETCATALOG_COMPILER_APPICON_NAME = AppIcon;
				ASSETCATALOG_COMPILER_GLOBAL_ACCENT_COLOR_NAME = AccentColor;
				CODE_SIGN_STYLE = Automatic;
				CURRENT_PROJECT_VERSION = 1;
				GENERATE_INFOPLIST_FILE = YES;
				INFOPLIST_FILE = taxio_driver/Info.plist;
				INFOPLIST_KEY_UIApplicationSupportsIndirectInputEvents = YES;
				INFOPLIST_KEY_UILaunchStoryboardName = LaunchScreen;
				INFOPLIST_KEY_UIMainStoryboardFile = Main;
				INFOPLIST_KEY_UISupportedInterfaceOrientations_iPad = "UIInterfaceOrientationPortrait UIInterfaceOrientationPortraitUpsideDown UIInterfaceOrientationLandscapeLeft UIInterfaceOrientationLandscapeRight";
				INFOPLIST_KEY_UISupportedInterfaceOrientations_iPhone = "UIInterfaceOrientationPortrait UIInterfaceOrientationLandscapeLeft UIInterfaceOrientationLandscapeRight";
				LD_RUNPATH_SEARCH_PATHS = (
					"$(inherited)",
					"@executable_path/Frameworks",
				);
				MARKETING_VERSION = 1.0;
				PRODUCT_BUNDLE_IDENTIFIER = "com.example.taxio-driver";
				PRODUCT_NAME = "$(TARGET_NAME)";
				SWIFT_EMIT_LOC_STRINGS = YES;
				SWIFT_VERSION = 5.0;
				TARGETED_DEVICE_FAMILY = "1,2";
			};
			name = Debug;
		};
		B3D84A6828779DA9007302A9 /* Release */ = {
			isa = XCBuildConfiguration;
			buildSettings = {
				ASSETCATALOG_COMPILER_APPICON_NAME = AppIcon;
				ASSETCATALOG_COMPILER_GLOBAL_ACCENT_COLOR_NAME = AccentColor;
				CODE_SIGN_STYLE = Automatic;
				CURRENT_PROJECT_VERSION = 1;
				GENERATE_INFOPLIST_FILE = YES;
				INFOPLIST_FILE = taxio_driver/Info.plist;
				INFOPLIST_KEY_UIApplicationSupportsIndirectInputEvents = YES;
				INFOPLIST_KEY_UILaunchStoryboardName = LaunchScreen;
				INFOPLIST_KEY_UIMainStoryboardFile = Main;
				INFOPLIST_KEY_UISupportedInterfaceOrientations_iPad = "UIInterfaceOrientationPortrait UIInterfaceOrientationPortraitUpsideDown UIInterfaceOrientationLandscapeLeft UIInterfaceOrientationLandscapeRight";
				INFOPLIST_KEY_UISupportedInterfaceOrientations_iPhone = "UIInterfaceOrientationPortrait UIInterfaceOrientationLandscapeLeft UIInterfaceOrientationLandscapeRight";
				LD_RUNPATH_SEARCH_PATHS = (
					"$(inherited)",
					"@executable_path/Frameworks",
				);
				MARKETING_VERSION = 1.0;
				PRODUCT_BUNDLE_IDENTIFIER = "com.example.taxio-driver";
				PRODUCT_NAME = "$(TARGET_NAME)";
				SWIFT_EMIT_LOC_STRINGS = YES;
				SWIFT_VERSION = 5.0;
				TARGETED_DEVICE_FAMILY = "1,2";
			};
			name = Release;
		};
		B3D84A6A28779DA9007302A9 /* Debug */ = {
			isa = XCBuildConfiguration;
			buildSettings = {
				ALWAYS_EMBED_SWIFT_STANDARD_LIBRARIES = YES;
				BUNDLE_LOADER = "$(TEST_HOST)";
				CODE_SIGN_STYLE = Automatic;
				CURRENT_PROJECT_VERSION = 1;
				GENERATE_INFOPLIST_FILE = YES;
				IPHONEOS_DEPLOYMENT_TARGET = 15.5;
				MARKETING_VERSION = 1.0;
				PRODUCT_BUNDLE_IDENTIFIER = "com.example.taxio-driverTests";
				PRODUCT_NAME = "$(TARGET_NAME)";
				SWIFT_EMIT_LOC_STRINGS = NO;
				SWIFT_VERSION = 5.0;
				TARGETED_DEVICE_FAMILY = "1,2";
				TEST_HOST = "$(BUILT_PRODUCTS_DIR)/taxio_driver.app/taxio_driver";
			};
			name = Debug;
		};
		B3D84A6B28779DA9007302A9 /* Release */ = {
			isa = XCBuildConfiguration;
			buildSettings = {
				ALWAYS_EMBED_SWIFT_STANDARD_LIBRARIES = YES;
				BUNDLE_LOADER = "$(TEST_HOST)";
				CODE_SIGN_STYLE = Automatic;
				CURRENT_PROJECT_VERSION = 1;
				GENERATE_INFOPLIST_FILE = YES;
				IPHONEOS_DEPLOYMENT_TARGET = 15.5;
				MARKETING_VERSION = 1.0;
				PRODUCT_BUNDLE_IDENTIFIER = "com.example.taxio-driverTests";
				PRODUCT_NAME = "$(TARGET_NAME)";
				SWIFT_EMIT_LOC_STRINGS = NO;
				SWIFT_VERSION = 5.0;
				TARGETED_DEVICE_FAMILY = "1,2";
				TEST_HOST = "$(BUILT_PRODUCTS_DIR)/taxio_driver.app/taxio_driver";
			};
			name = Release;
		};
		B3D84A6D28779DA9007302A9 /* Debug */ = {
			isa = XCBuildConfiguration;
			buildSettings = {
				ALWAYS_EMBED_SWIFT_STANDARD_LIBRARIES = YES;
				CODE_SIGN_STYLE = Automatic;
				CURRENT_PROJECT_VERSION = 1;
				GENERATE_INFOPLIST_FILE = YES;
				MARKETING_VERSION = 1.0;
				PRODUCT_BUNDLE_IDENTIFIER = "com.example.taxio-driverUITests";
				PRODUCT_NAME = "$(TARGET_NAME)";
				SWIFT_EMIT_LOC_STRINGS = NO;
				SWIFT_VERSION = 5.0;
				TARGETED_DEVICE_FAMILY = "1,2";
				TEST_TARGET_NAME = taxio_driver;
			};
			name = Debug;
		};
		B3D84A6E28779DA9007302A9 /* Release */ = {
			isa = XCBuildConfiguration;
			buildSettings = {
				ALWAYS_EMBED_SWIFT_STANDARD_LIBRARIES = YES;
				CODE_SIGN_STYLE = Automatic;
				CURRENT_PROJECT_VERSION = 1;
				GENERATE_INFOPLIST_FILE = YES;
				MARKETING_VERSION = 1.0;
				PRODUCT_BUNDLE_IDENTIFIER = "com.example.taxio-driverUITests";
				PRODUCT_NAME = "$(TARGET_NAME)";
				SWIFT_EMIT_LOC_STRINGS = NO;
				SWIFT_VERSION = 5.0;
				TARGETED_DEVICE_FAMILY = "1,2";
				TEST_TARGET_NAME = taxio_driver;
			};
			name = Release;
		};
/* End XCBuildConfiguration section */

/* Begin XCConfigurationList section */
		B3D84A3728779DA7007302A9 /* Build configuration list for PBXProject "taxio_driver" */ = {
			isa = XCConfigurationList;
			buildConfigurations = (
				B3D84A6428779DA9007302A9 /* Debug */,
				B3D84A6528779DA9007302A9 /* Release */,
			);
			defaultConfigurationIsVisible = 0;
			defaultConfigurationName = Release;
		};
		B3D84A6628779DA9007302A9 /* Build configuration list for PBXNativeTarget "taxio_driver" */ = {
			isa = XCConfigurationList;
			buildConfigurations = (
				B3D84A6728779DA9007302A9 /* Debug */,
				B3D84A6828779DA9007302A9 /* Release */,
			);
			defaultConfigurationIsVisible = 0;
			defaultConfigurationName = Release;
		};
		B3D84A6928779DA9007302A9 /* Build configuration list for PBXNativeTarget "taxio_driverTests" */ = {
			isa = XCConfigurationList;
			buildConfigurations = (
				B3D84A6A28779DA9007302A9 /* Debug */,
				B3D84A6B28779DA9007302A9 /* Release */,
			);
			defaultConfigurationIsVisible = 0;
			defaultConfigurationName = Release;
		};
		B3D84A6C28779DA9007302A9 /* Build configuration list for PBXNativeTarget "taxio_driverUITests" */ = {
			isa = XCConfigurationList;
			buildConfigurations = (
				B3D84A6D28779DA9007302A9 /* Debug */,
				B3D84A6E28779DA9007302A9 /* Release */,
			);
			defaultConfigurationIsVisible = 0;
			defaultConfigurationName = Release;
		};
/* End XCConfigurationList section */
	};
	rootObject = B3D84A3428779DA7007302A9 /* Project object */;
}
